// !$*UTF8*$!
{
	archiveVersion = 1;
	classes = {
	};
	objectVersion = 46;
	objects = {

/* Begin PBXBuildFile section */
		3EBC25F11F75232500DF83FD /* main.m in Sources */ = {isa = PBXBuildFile; fileRef = 3EBC25F01F75232500DF83FD /* main.m */; };
		3EBC25F41F75232500DF83FD /* AppDelegate.m in Sources */ = {isa = PBXBuildFile; fileRef = 3EBC25F31F75232500DF83FD /* AppDelegate.m */; };
		3EBC25F71F75232500DF83FD /* ViewController.m in Sources */ = {isa = PBXBuildFile; fileRef = 3EBC25F61F75232500DF83FD /* ViewController.m */; };
		3EBC25FA1F75232500DF83FD /* Main.storyboard in Resources */ = {isa = PBXBuildFile; fileRef = 3EBC25F81F75232500DF83FD /* Main.storyboard */; };
		3EBC25FC1F75232500DF83FD /* Assets.xcassets in Resources */ = {isa = PBXBuildFile; fileRef = 3EBC25FB1F75232500DF83FD /* Assets.xcassets */; };
		3EBC25FF1F75232500DF83FD /* LaunchScreen.storyboard in Resources */ = {isa = PBXBuildFile; fileRef = 3EBC25FD1F75232500DF83FD /* LaunchScreen.storyboard */; };
		3EDC09561F79361D00C7F847 /* HLBaseViewController.m in Sources */ = {isa = PBXBuildFile; fileRef = 3EDC094F1F79361D00C7F847 /* HLBaseViewController.m */; };
		3EDC09571F79361D00C7F847 /* HLCommonEmptyView.m in Sources */ = {isa = PBXBuildFile; fileRef = 3EDC09511F79361D00C7F847 /* HLCommonEmptyView.m */; };
		3EDC09581F79361D00C7F847 /* HLLoadingAnimationView.m in Sources */ = {isa = PBXBuildFile; fileRef = 3EDC09531F79361D00C7F847 /* HLLoadingAnimationView.m */; };
		3EDC09591F79361D00C7F847 /* HLNoNetworkEmptyView.m in Sources */ = {isa = PBXBuildFile; fileRef = 3EDC09551F79361D00C7F847 /* HLNoNetworkEmptyView.m */; };
		3EDC09601F79372800C7F847 /* UIView+Frame.m in Sources */ = {isa = PBXBuildFile; fileRef = 3EDC095F1F79372800C7F847 /* UIView+Frame.m */; };
		3EDC09641F79374D00C7F847 /* NSString+Size.m in Sources */ = {isa = PBXBuildFile; fileRef = 3EDC09631F79374D00C7F847 /* NSString+Size.m */; };
		C5428FEA5F359141802139F8 /* libPods-HLCommon.a in Frameworks */ = {isa = PBXBuildFile; fileRef = CF4E471CB5BE0F7AD7E34574 /* libPods-HLCommon.a */; };
		DC6F9A5E210F00E4009855ED /* BannerViewCell.m in Sources */ = {isa = PBXBuildFile; fileRef = DC6F9A5C210F00E4009855ED /* BannerViewCell.m */; };
		DC6F9A5F210F00E4009855ED /* HLBannerView.m in Sources */ = {isa = PBXBuildFile; fileRef = DC6F9A5D210F00E4009855ED /* HLBannerView.m */; };
		DC6F9A63210F02B1009855ED /* XXYSlider.m in Sources */ = {isa = PBXBuildFile; fileRef = DC6F9A61210F02B1009855ED /* XXYSlider.m */; };
		DC6F9A6D210F05D1009855ED /* HandleAddressBook.m in Sources */ = {isa = PBXBuildFile; fileRef = DC6F9A66210F05D1009855ED /* HandleAddressBook.m */; };
		DC6F9A6E210F05D1009855ED /* ChineseInclude.m in Sources */ = {isa = PBXBuildFile; fileRef = DC6F9A69210F05D1009855ED /* ChineseInclude.m */; };
		DC6F9A6F210F05D1009855ED /* AddressManager.m in Sources */ = {isa = PBXBuildFile; fileRef = DC6F9A6A210F05D1009855ED /* AddressManager.m */; };
		DC6F9A70210F05D1009855ED /* PersonInfoModel.m in Sources */ = {isa = PBXBuildFile; fileRef = DC6F9A6B210F05D1009855ED /* PersonInfoModel.m */; };
		DC811B772114041600D3146A /* LoginViewController.m in Sources */ = {isa = PBXBuildFile; fileRef = DC811B2F2114041600D3146A /* LoginViewController.m */; };
		DC811B782114041600D3146A /* RegisterViewController.m in Sources */ = {isa = PBXBuildFile; fileRef = DC811B302114041600D3146A /* RegisterViewController.m */; };
		DC811B792114041600D3146A /* XLFormBaseCell.m in Sources */ = {isa = PBXBuildFile; fileRef = DC811B362114041600D3146A /* XLFormBaseCell.m */; };
		DC811B7A2114041600D3146A /* XLFormSwitchCell.m in Sources */ = {isa = PBXBuildFile; fileRef = DC811B372114041600D3146A /* XLFormSwitchCell.m */; };
		DC811B7B2114041600D3146A /* XLFormDateCell.m in Sources */ = {isa = PBXBuildFile; fileRef = DC811B3B2114041600D3146A /* XLFormDateCell.m */; };
		DC811B7C2114041600D3146A /* XLFormSectionDescriptor.m in Sources */ = {isa = PBXBuildFile; fileRef = DC811B402114041600D3146A /* XLFormSectionDescriptor.m */; };
		DC811B7D2114041600D3146A /* XLFormRowDescriptor.m in Sources */ = {isa = PBXBuildFile; fileRef = DC811B412114041600D3146A /* XLFormRowDescriptor.m */; };
		DC811B7E2114041600D3146A /* XLFormDescriptor.m in Sources */ = {isa = PBXBuildFile; fileRef = DC811B422114041600D3146A /* XLFormDescriptor.m */; };
		DC811B7F2114041600D3146A /* XLFormViewController.m in Sources */ = {isa = PBXBuildFile; fileRef = DC811B452114041600D3146A /* XLFormViewController.m */; };
		DC811B802114041600D3146A /* XLFormOptionsObject.m in Sources */ = {isa = PBXBuildFile; fileRef = DC811B492114041600D3146A /* XLFormOptionsObject.m */; };
		DC811B812114041600D3146A /* XLForm.m in Sources */ = {isa = PBXBuildFile; fileRef = DC811B4A2114041600D3146A /* XLForm.m */; };
		DC811B822114041600D3146A /* NSPredicate+XLFormAdditions.m in Sources */ = {isa = PBXBuildFile; fileRef = DC811B4C2114041600D3146A /* NSPredicate+XLFormAdditions.m */; };
		DC811B832114041600D3146A /* NSExpression+XLFormAdditions.m in Sources */ = {isa = PBXBuildFile; fileRef = DC811B4D2114041600D3146A /* NSExpression+XLFormAdditions.m */; };
		DC811B842114041600D3146A /* XLFormRowNavigationAccessoryView.m in Sources */ = {isa = PBXBuildFile; fileRef = DC811B4F2114041600D3146A /* XLFormRowNavigationAccessoryView.m */; };
		DC811B852114041600D3146A /* NSString+XLFormAdditions.m in Sources */ = {isa = PBXBuildFile; fileRef = DC811B512114041600D3146A /* NSString+XLFormAdditions.m */; };
		DC811B862114041600D3146A /* UIView+XLFormAdditions.m in Sources */ = {isa = PBXBuildFile; fileRef = DC811B552114041600D3146A /* UIView+XLFormAdditions.m */; };
		DC811B872114041600D3146A /* UITableViewCell+Helper.m in Sources */ = {isa = PBXBuildFile; fileRef = DC811B572114041600D3146A /* UITableViewCell+Helper.m */; };
		DC811B882114041600D3146A /* XLFormRegexValidator.m in Sources */ = {isa = PBXBuildFile; fileRef = DC811B592114041600D3146A /* XLFormRegexValidator.m */; };
		DC811B892114041600D3146A /* XLFormValidationStatus.m in Sources */ = {isa = PBXBuildFile; fileRef = DC811B5B2114041600D3146A /* XLFormValidationStatus.m */; };
		DC811B8A2114041600D3146A /* XLFormValidator.m in Sources */ = {isa = PBXBuildFile; fileRef = DC811B5C2114041600D3146A /* XLFormValidator.m */; };
		DC811B8B2114041600D3146A /* TextViewCell.m in Sources */ = {isa = PBXBuildFile; fileRef = DC811B612114041600D3146A /* TextViewCell.m */; };
		DC811B8C2114041600D3146A /* XXYYiduInputCell.xib in Resources */ = {isa = PBXBuildFile; fileRef = DC811B622114041600D3146A /* XXYYiduInputCell.xib */; };
		DC811B8D2114041600D3146A /* RightButtonCell.xib in Resources */ = {isa = PBXBuildFile; fileRef = DC811B632114041600D3146A /* RightButtonCell.xib */; };
		DC811B8E2114041600D3146A /* ButtonTableViewCell.m in Sources */ = {isa = PBXBuildFile; fileRef = DC811B652114041600D3146A /* ButtonTableViewCell.m */; };
		DC811B8F2114041600D3146A /* ButtonTableViewCell.xib in Resources */ = {isa = PBXBuildFile; fileRef = DC811B672114041600D3146A /* ButtonTableViewCell.xib */; };
		DC811B902114041600D3146A /* SpeechCodeCell.m in Sources */ = {isa = PBXBuildFile; fileRef = DC811B692114041600D3146A /* SpeechCodeCell.m */; };
		DC811B912114041600D3146A /* TextFieldTableViewCell.m in Sources */ = {isa = PBXBuildFile; fileRef = DC811B6A2114041600D3146A /* TextFieldTableViewCell.m */; };
		DC811B922114041600D3146A /* XXYYiduInputCell.m in Sources */ = {isa = PBXBuildFile; fileRef = DC811B6B2114041600D3146A /* XXYYiduInputCell.m */; };
		DC811B932114041600D3146A /* VerifyCodeTableViewCell.xib in Resources */ = {isa = PBXBuildFile; fileRef = DC811B6D2114041600D3146A /* VerifyCodeTableViewCell.xib */; };
		DC811B942114041600D3146A /* RightButtonCell.m in Sources */ = {isa = PBXBuildFile; fileRef = DC811B6E2114041600D3146A /* RightButtonCell.m */; };
		DC811B952114041600D3146A /* TextFieldTableViewCell.xib in Resources */ = {isa = PBXBuildFile; fileRef = DC811B702114041600D3146A /* TextFieldTableViewCell.xib */; };
		DC811B962114041600D3146A /* VerifyCodeTableViewCell.m in Sources */ = {isa = PBXBuildFile; fileRef = DC811B712114041600D3146A /* VerifyCodeTableViewCell.m */; };
		DC811B972114041600D3146A /* PlainButtonCell.m in Sources */ = {isa = PBXBuildFile; fileRef = DC811B722114041600D3146A /* PlainButtonCell.m */; };
		DC811B982114041600D3146A /* PlainButtonCell.xib in Resources */ = {isa = PBXBuildFile; fileRef = DC811B732114041600D3146A /* PlainButtonCell.xib */; };
		DCAFCC64212D785800C9161D /* XXYTabBar.m in Sources */ = {isa = PBXBuildFile; fileRef = DCAFCC60212D785800C9161D /* XXYTabBar.m */; };
		DCAFCC65212D785800C9161D /* XXYBaseNavigationViewController.m in Sources */ = {isa = PBXBuildFile; fileRef = DCAFCC61212D785800C9161D /* XXYBaseNavigationViewController.m */; };
		DCAFCC66212D785800C9161D /* XXYMainTabbarViewController.m in Sources */ = {isa = PBXBuildFile; fileRef = DCAFCC62212D785800C9161D /* XXYMainTabbarViewController.m */; };
		DCFA35A5212FA0D100AF16D2 /* WebViewController.m in Sources */ = {isa = PBXBuildFile; fileRef = DCFA35A0212FA0D000AF16D2 /* WebViewController.m */; };
		DCFA35A6212FA0D100AF16D2 /* ScriptMessageHandler.m in Sources */ = {isa = PBXBuildFile; fileRef = DCFA35A1212FA0D000AF16D2 /* ScriptMessageHandler.m */; };
		DCFA35A7212FA0D100AF16D2 /* UIWebViewController.m in Sources */ = {isa = PBXBuildFile; fileRef = DCFA35A2212FA0D000AF16D2 /* UIWebViewController.m */; };
		DCFA35A8212FA0D100AF16D2 /* WebTool.m in Sources */ = {isa = PBXBuildFile; fileRef = DCFA35A3212FA0D000AF16D2 /* WebTool.m */; };
		DCFA35AC212FA58D00AF16D2 /* XXYButton.m in Sources */ = {isa = PBXBuildFile; fileRef = DCFA35AB212FA58D00AF16D2 /* XXYButton.m */; };
		DCFA35B0212FA5AB00AF16D2 /* XXYTextView.m in Sources */ = {isa = PBXBuildFile; fileRef = DCFA35AE212FA5AB00AF16D2 /* XXYTextView.m */; };
		DCFA35B8212FA8FD00AF16D2 /* UIColor+hexColor.m in Sources */ = {isa = PBXBuildFile; fileRef = DCFA35B7212FA8FD00AF16D2 /* UIColor+hexColor.m */; };
		DCFA35BC212FA97E00AF16D2 /* AnimationContoller.m in Sources */ = {isa = PBXBuildFile; fileRef = DCFA35BB212FA97E00AF16D2 /* AnimationContoller.m */; };
		DCFA35C2212FAA1200AF16D2 /* UIImage+AddForRoundedCorner.m in Sources */ = {isa = PBXBuildFile; fileRef = DCFA35BE212FAA1200AF16D2 /* UIImage+AddForRoundedCorner.m */; };
		DCFA35C3212FAA1200AF16D2 /* UIImage+Theme.m in Sources */ = {isa = PBXBuildFile; fileRef = DCFA35C0212FAA1200AF16D2 /* UIImage+Theme.m */; };
		DCFA35C9212FAB3500AF16D2 /* NSDate+Category.m in Sources */ = {isa = PBXBuildFile; fileRef = DCFA35C5212FAB3500AF16D2 /* NSDate+Category.m */; };
		DCFA35CA212FAB3500AF16D2 /* NSDateFormatter+Category.m in Sources */ = {isa = PBXBuildFile; fileRef = DCFA35C8212FAB3500AF16D2 /* NSDateFormatter+Category.m */; };
/* End PBXBuildFile section */

/* Begin PBXFileReference section */
		170D4973260EF907CF5C91DD /* Pods-HLCommon.release.xcconfig */ = {isa = PBXFileReference; includeInIndex = 1; lastKnownFileType = text.xcconfig; name = "Pods-HLCommon.release.xcconfig"; path = "Pods/Target Support Files/Pods-HLCommon/Pods-HLCommon.release.xcconfig"; sourceTree = "<group>"; };
		3EBC25EC1F75232500DF83FD /* HLCommon.app */ = {isa = PBXFileReference; explicitFileType = wrapper.application; includeInIndex = 0; path = HLCommon.app; sourceTree = BUILT_PRODUCTS_DIR; };
		3EBC25F01F75232500DF83FD /* main.m */ = {isa = PBXFileReference; lastKnownFileType = sourcecode.c.objc; path = main.m; sourceTree = "<group>"; };
		3EBC25F21F75232500DF83FD /* AppDelegate.h */ = {isa = PBXFileReference; lastKnownFileType = sourcecode.c.h; path = AppDelegate.h; sourceTree = "<group>"; };
		3EBC25F31F75232500DF83FD /* AppDelegate.m */ = {isa = PBXFileReference; lastKnownFileType = sourcecode.c.objc; path = AppDelegate.m; sourceTree = "<group>"; };
		3EBC25F51F75232500DF83FD /* ViewController.h */ = {isa = PBXFileReference; lastKnownFileType = sourcecode.c.h; path = ViewController.h; sourceTree = "<group>"; };
		3EBC25F61F75232500DF83FD /* ViewController.m */ = {isa = PBXFileReference; lastKnownFileType = sourcecode.c.objc; path = ViewController.m; sourceTree = "<group>"; };
		3EBC25F91F75232500DF83FD /* Base */ = {isa = PBXFileReference; lastKnownFileType = file.storyboard; name = Base; path = Base.lproj/Main.storyboard; sourceTree = "<group>"; };
		3EBC25FB1F75232500DF83FD /* Assets.xcassets */ = {isa = PBXFileReference; lastKnownFileType = folder.assetcatalog; path = Assets.xcassets; sourceTree = "<group>"; };
		3EBC25FE1F75232500DF83FD /* Base */ = {isa = PBXFileReference; lastKnownFileType = file.storyboard; name = Base; path = Base.lproj/LaunchScreen.storyboard; sourceTree = "<group>"; };
		3EBC26001F75232500DF83FD /* Info.plist */ = {isa = PBXFileReference; lastKnownFileType = text.plist.xml; path = Info.plist; sourceTree = "<group>"; };
		3EDC094E1F79361D00C7F847 /* HLBaseViewController.h */ = {isa = PBXFileReference; fileEncoding = 4; lastKnownFileType = sourcecode.c.h; path = HLBaseViewController.h; sourceTree = "<group>"; };
		3EDC094F1F79361D00C7F847 /* HLBaseViewController.m */ = {isa = PBXFileReference; fileEncoding = 4; lastKnownFileType = sourcecode.c.objc; path = HLBaseViewController.m; sourceTree = "<group>"; };
		3EDC09501F79361D00C7F847 /* HLCommonEmptyView.h */ = {isa = PBXFileReference; fileEncoding = 4; lastKnownFileType = sourcecode.c.h; path = HLCommonEmptyView.h; sourceTree = "<group>"; };
		3EDC09511F79361D00C7F847 /* HLCommonEmptyView.m */ = {isa = PBXFileReference; fileEncoding = 4; lastKnownFileType = sourcecode.c.objc; path = HLCommonEmptyView.m; sourceTree = "<group>"; };
		3EDC09521F79361D00C7F847 /* HLLoadingAnimationView.h */ = {isa = PBXFileReference; fileEncoding = 4; lastKnownFileType = sourcecode.c.h; path = HLLoadingAnimationView.h; sourceTree = "<group>"; };
		3EDC09531F79361D00C7F847 /* HLLoadingAnimationView.m */ = {isa = PBXFileReference; fileEncoding = 4; lastKnownFileType = sourcecode.c.objc; path = HLLoadingAnimationView.m; sourceTree = "<group>"; };
		3EDC09541F79361D00C7F847 /* HLNoNetworkEmptyView.h */ = {isa = PBXFileReference; fileEncoding = 4; lastKnownFileType = sourcecode.c.h; path = HLNoNetworkEmptyView.h; sourceTree = "<group>"; };
		3EDC09551F79361D00C7F847 /* HLNoNetworkEmptyView.m */ = {isa = PBXFileReference; fileEncoding = 4; lastKnownFileType = sourcecode.c.objc; path = HLNoNetworkEmptyView.m; sourceTree = "<group>"; };
		3EDC095E1F79372800C7F847 /* UIView+Frame.h */ = {isa = PBXFileReference; fileEncoding = 4; lastKnownFileType = sourcecode.c.h; path = "UIView+Frame.h"; sourceTree = "<group>"; };
		3EDC095F1F79372800C7F847 /* UIView+Frame.m */ = {isa = PBXFileReference; fileEncoding = 4; lastKnownFileType = sourcecode.c.objc; path = "UIView+Frame.m"; sourceTree = "<group>"; };
		3EDC09621F79374D00C7F847 /* NSString+Size.h */ = {isa = PBXFileReference; fileEncoding = 4; lastKnownFileType = sourcecode.c.h; path = "NSString+Size.h"; sourceTree = "<group>"; };
		3EDC09631F79374D00C7F847 /* NSString+Size.m */ = {isa = PBXFileReference; fileEncoding = 4; lastKnownFileType = sourcecode.c.objc; path = "NSString+Size.m"; sourceTree = "<group>"; };
		7541FE250892C74DA17C532D /* Pods-HLCommon.debug.xcconfig */ = {isa = PBXFileReference; includeInIndex = 1; lastKnownFileType = text.xcconfig; name = "Pods-HLCommon.debug.xcconfig"; path = "Pods/Target Support Files/Pods-HLCommon/Pods-HLCommon.debug.xcconfig"; sourceTree = "<group>"; };
		CF4E471CB5BE0F7AD7E34574 /* libPods-HLCommon.a */ = {isa = PBXFileReference; explicitFileType = archive.ar; includeInIndex = 0; path = "libPods-HLCommon.a"; sourceTree = BUILT_PRODUCTS_DIR; };
		DC6F9A5A210F00E4009855ED /* BannerViewCell.h */ = {isa = PBXFileReference; fileEncoding = 4; lastKnownFileType = sourcecode.c.h; path = BannerViewCell.h; sourceTree = "<group>"; };
		DC6F9A5B210F00E4009855ED /* HLBannerView.h */ = {isa = PBXFileReference; fileEncoding = 4; lastKnownFileType = sourcecode.c.h; path = HLBannerView.h; sourceTree = "<group>"; };
		DC6F9A5C210F00E4009855ED /* BannerViewCell.m */ = {isa = PBXFileReference; fileEncoding = 4; lastKnownFileType = sourcecode.c.objc; path = BannerViewCell.m; sourceTree = "<group>"; };
		DC6F9A5D210F00E4009855ED /* HLBannerView.m */ = {isa = PBXFileReference; fileEncoding = 4; lastKnownFileType = sourcecode.c.objc; path = HLBannerView.m; sourceTree = "<group>"; };
		DC6F9A61210F02B1009855ED /* XXYSlider.m */ = {isa = PBXFileReference; fileEncoding = 4; lastKnownFileType = sourcecode.c.objc; path = XXYSlider.m; sourceTree = "<group>"; };
		DC6F9A62210F02B1009855ED /* XXYSlider.h */ = {isa = PBXFileReference; fileEncoding = 4; lastKnownFileType = sourcecode.c.h; path = XXYSlider.h; sourceTree = "<group>"; };
		DC6F9A65210F05D1009855ED /* ChineseInclude.h */ = {isa = PBXFileReference; fileEncoding = 4; lastKnownFileType = sourcecode.c.h; path = ChineseInclude.h; sourceTree = "<group>"; };
		DC6F9A66210F05D1009855ED /* HandleAddressBook.m */ = {isa = PBXFileReference; fileEncoding = 4; lastKnownFileType = sourcecode.c.objc; path = HandleAddressBook.m; sourceTree = "<group>"; };
		DC6F9A67210F05D1009855ED /* AddressManager.h */ = {isa = PBXFileReference; fileEncoding = 4; lastKnownFileType = sourcecode.c.h; path = AddressManager.h; sourceTree = "<group>"; };
		DC6F9A68210F05D1009855ED /* PersonInfoModel.h */ = {isa = PBXFileReference; fileEncoding = 4; lastKnownFileType = sourcecode.c.h; path = PersonInfoModel.h; sourceTree = "<group>"; };
		DC6F9A69210F05D1009855ED /* ChineseInclude.m */ = {isa = PBXFileReference; fileEncoding = 4; lastKnownFileType = sourcecode.c.objc; path = ChineseInclude.m; sourceTree = "<group>"; };
		DC6F9A6A210F05D1009855ED /* AddressManager.m */ = {isa = PBXFileReference; fileEncoding = 4; lastKnownFileType = sourcecode.c.objc; path = AddressManager.m; sourceTree = "<group>"; };
		DC6F9A6B210F05D1009855ED /* PersonInfoModel.m */ = {isa = PBXFileReference; fileEncoding = 4; lastKnownFileType = sourcecode.c.objc; path = PersonInfoModel.m; sourceTree = "<group>"; };
		DC6F9A6C210F05D1009855ED /* HandleAddressBook.h */ = {isa = PBXFileReference; fileEncoding = 4; lastKnownFileType = sourcecode.c.h; path = HandleAddressBook.h; sourceTree = "<group>"; };
		DC811B2F2114041600D3146A /* LoginViewController.m */ = {isa = PBXFileReference; fileEncoding = 4; lastKnownFileType = sourcecode.c.objc; path = LoginViewController.m; sourceTree = "<group>"; };
		DC811B302114041600D3146A /* RegisterViewController.m */ = {isa = PBXFileReference; fileEncoding = 4; lastKnownFileType = sourcecode.c.objc; path = RegisterViewController.m; sourceTree = "<group>"; };
		DC811B312114041600D3146A /* LoginViewController.h */ = {isa = PBXFileReference; fileEncoding = 4; lastKnownFileType = sourcecode.c.h; path = LoginViewController.h; sourceTree = "<group>"; };
		DC811B322114041600D3146A /* RegisterViewController.h */ = {isa = PBXFileReference; fileEncoding = 4; lastKnownFileType = sourcecode.c.h; path = RegisterViewController.h; sourceTree = "<group>"; };
		DC811B332114041600D3146A /* XLForm.h */ = {isa = PBXFileReference; fileEncoding = 4; lastKnownFileType = sourcecode.c.h; path = XLForm.h; sourceTree = "<group>"; };
		DC811B352114041600D3146A /* XLFormDescriptorCell.h */ = {isa = PBXFileReference; fileEncoding = 4; lastKnownFileType = sourcecode.c.h; path = XLFormDescriptorCell.h; sourceTree = "<group>"; };
		DC811B362114041600D3146A /* XLFormBaseCell.m */ = {isa = PBXFileReference; fileEncoding = 4; lastKnownFileType = sourcecode.c.objc; path = XLFormBaseCell.m; sourceTree = "<group>"; };
		DC811B372114041600D3146A /* XLFormSwitchCell.m */ = {isa = PBXFileReference; fileEncoding = 4; lastKnownFileType = sourcecode.c.objc; path = XLFormSwitchCell.m; sourceTree = "<group>"; };
		DC811B382114041600D3146A /* XLFormDateCell.h */ = {isa = PBXFileReference; fileEncoding = 4; lastKnownFileType = sourcecode.c.h; path = XLFormDateCell.h; sourceTree = "<group>"; };
		DC811B392114041600D3146A /* XLFormSwitchCell.h */ = {isa = PBXFileReference; fileEncoding = 4; lastKnownFileType = sourcecode.c.h; path = XLFormSwitchCell.h; sourceTree = "<group>"; };
		DC811B3A2114041600D3146A /* XLFormBaseCell.h */ = {isa = PBXFileReference; fileEncoding = 4; lastKnownFileType = sourcecode.c.h; path = XLFormBaseCell.h; sourceTree = "<group>"; };
		DC811B3B2114041600D3146A /* XLFormDateCell.m */ = {isa = PBXFileReference; fileEncoding = 4; lastKnownFileType = sourcecode.c.objc; path = XLFormDateCell.m; sourceTree = "<group>"; };
		DC811B3D2114041600D3146A /* XLFormDescriptor.h */ = {isa = PBXFileReference; fileEncoding = 4; lastKnownFileType = sourcecode.c.h; path = XLFormDescriptor.h; sourceTree = "<group>"; };
		DC811B3E2114041600D3146A /* XLFormRowDescriptor.h */ = {isa = PBXFileReference; fileEncoding = 4; lastKnownFileType = sourcecode.c.h; path = XLFormRowDescriptor.h; sourceTree = "<group>"; };
		DC811B3F2114041600D3146A /* XLFormDescriptorDelegate.h */ = {isa = PBXFileReference; fileEncoding = 4; lastKnownFileType = sourcecode.c.h; path = XLFormDescriptorDelegate.h; sourceTree = "<group>"; };
		DC811B402114041600D3146A /* XLFormSectionDescriptor.m */ = {isa = PBXFileReference; fileEncoding = 4; lastKnownFileType = sourcecode.c.objc; path = XLFormSectionDescriptor.m; sourceTree = "<group>"; };
		DC811B412114041600D3146A /* XLFormRowDescriptor.m */ = {isa = PBXFileReference; fileEncoding = 4; lastKnownFileType = sourcecode.c.objc; path = XLFormRowDescriptor.m; sourceTree = "<group>"; };
		DC811B422114041600D3146A /* XLFormDescriptor.m */ = {isa = PBXFileReference; fileEncoding = 4; lastKnownFileType = sourcecode.c.objc; path = XLFormDescriptor.m; sourceTree = "<group>"; };
		DC811B432114041600D3146A /* XLFormSectionDescriptor.h */ = {isa = PBXFileReference; fileEncoding = 4; lastKnownFileType = sourcecode.c.h; path = XLFormSectionDescriptor.h; sourceTree = "<group>"; };
		DC811B452114041600D3146A /* XLFormViewController.m */ = {isa = PBXFileReference; fileEncoding = 4; lastKnownFileType = sourcecode.c.objc; path = XLFormViewController.m; sourceTree = "<group>"; };
		DC811B462114041600D3146A /* XLFormOptionsObject.h */ = {isa = PBXFileReference; fileEncoding = 4; lastKnownFileType = sourcecode.c.h; path = XLFormOptionsObject.h; sourceTree = "<group>"; };
		DC811B472114041600D3146A /* XLFormRowDescriptorViewController.h */ = {isa = PBXFileReference; fileEncoding = 4; lastKnownFileType = sourcecode.c.h; path = XLFormRowDescriptorViewController.h; sourceTree = "<group>"; };
		DC811B482114041600D3146A /* XLFormViewController.h */ = {isa = PBXFileReference; fileEncoding = 4; lastKnownFileType = sourcecode.c.h; path = XLFormViewController.h; sourceTree = "<group>"; };
		DC811B492114041600D3146A /* XLFormOptionsObject.m */ = {isa = PBXFileReference; fileEncoding = 4; lastKnownFileType = sourcecode.c.objc; path = XLFormOptionsObject.m; sourceTree = "<group>"; };
		DC811B4A2114041600D3146A /* XLForm.m */ = {isa = PBXFileReference; fileEncoding = 4; lastKnownFileType = sourcecode.c.objc; path = XLForm.m; sourceTree = "<group>"; };
		DC811B4C2114041600D3146A /* NSPredicate+XLFormAdditions.m */ = {isa = PBXFileReference; fileEncoding = 4; lastKnownFileType = sourcecode.c.objc; path = "NSPredicate+XLFormAdditions.m"; sourceTree = "<group>"; };
		DC811B4D2114041600D3146A /* NSExpression+XLFormAdditions.m */ = {isa = PBXFileReference; fileEncoding = 4; lastKnownFileType = sourcecode.c.objc; path = "NSExpression+XLFormAdditions.m"; sourceTree = "<group>"; };
		DC811B4E2114041600D3146A /* UITableViewCell+Helper.h */ = {isa = PBXFileReference; fileEncoding = 4; lastKnownFileType = sourcecode.c.h; path = "UITableViewCell+Helper.h"; sourceTree = "<group>"; };
		DC811B4F2114041600D3146A /* XLFormRowNavigationAccessoryView.m */ = {isa = PBXFileReference; fileEncoding = 4; lastKnownFileType = sourcecode.c.objc; path = XLFormRowNavigationAccessoryView.m; sourceTree = "<group>"; };
		DC811B502114041600D3146A /* UIView+XLFormAdditions.h */ = {isa = PBXFileReference; fileEncoding = 4; lastKnownFileType = sourcecode.c.h; path = "UIView+XLFormAdditions.h"; sourceTree = "<group>"; };
		DC811B512114041600D3146A /* NSString+XLFormAdditions.m */ = {isa = PBXFileReference; fileEncoding = 4; lastKnownFileType = sourcecode.c.objc; path = "NSString+XLFormAdditions.m"; sourceTree = "<group>"; };
		DC811B522114041600D3146A /* NSExpression+XLFormAdditions.h */ = {isa = PBXFileReference; fileEncoding = 4; lastKnownFileType = sourcecode.c.h; path = "NSExpression+XLFormAdditions.h"; sourceTree = "<group>"; };
		DC811B532114041600D3146A /* NSPredicate+XLFormAdditions.h */ = {isa = PBXFileReference; fileEncoding = 4; lastKnownFileType = sourcecode.c.h; path = "NSPredicate+XLFormAdditions.h"; sourceTree = "<group>"; };
		DC811B542114041600D3146A /* NSString+XLFormAdditions.h */ = {isa = PBXFileReference; fileEncoding = 4; lastKnownFileType = sourcecode.c.h; path = "NSString+XLFormAdditions.h"; sourceTree = "<group>"; };
		DC811B552114041600D3146A /* UIView+XLFormAdditions.m */ = {isa = PBXFileReference; fileEncoding = 4; lastKnownFileType = sourcecode.c.objc; path = "UIView+XLFormAdditions.m"; sourceTree = "<group>"; };
		DC811B562114041600D3146A /* XLFormRowNavigationAccessoryView.h */ = {isa = PBXFileReference; fileEncoding = 4; lastKnownFileType = sourcecode.c.h; path = XLFormRowNavigationAccessoryView.h; sourceTree = "<group>"; };
		DC811B572114041600D3146A /* UITableViewCell+Helper.m */ = {isa = PBXFileReference; fileEncoding = 4; lastKnownFileType = sourcecode.c.objc; path = "UITableViewCell+Helper.m"; sourceTree = "<group>"; };
		DC811B592114041600D3146A /* XLFormRegexValidator.m */ = {isa = PBXFileReference; fileEncoding = 4; lastKnownFileType = sourcecode.c.objc; path = XLFormRegexValidator.m; sourceTree = "<group>"; };
		DC811B5A2114041600D3146A /* XLFormValidator.h */ = {isa = PBXFileReference; fileEncoding = 4; lastKnownFileType = sourcecode.c.h; path = XLFormValidator.h; sourceTree = "<group>"; };
		DC811B5B2114041600D3146A /* XLFormValidationStatus.m */ = {isa = PBXFileReference; fileEncoding = 4; lastKnownFileType = sourcecode.c.objc; path = XLFormValidationStatus.m; sourceTree = "<group>"; };
		DC811B5C2114041600D3146A /* XLFormValidator.m */ = {isa = PBXFileReference; fileEncoding = 4; lastKnownFileType = sourcecode.c.objc; path = XLFormValidator.m; sourceTree = "<group>"; };
		DC811B5D2114041600D3146A /* XLFormRegexValidator.h */ = {isa = PBXFileReference; fileEncoding = 4; lastKnownFileType = sourcecode.c.h; path = XLFormRegexValidator.h; sourceTree = "<group>"; };
		DC811B5E2114041600D3146A /* XLFormValidationStatus.h */ = {isa = PBXFileReference; fileEncoding = 4; lastKnownFileType = sourcecode.c.h; path = XLFormValidationStatus.h; sourceTree = "<group>"; };
		DC811B5F2114041600D3146A /* XLFormValidatorProtocol.h */ = {isa = PBXFileReference; fileEncoding = 4; lastKnownFileType = sourcecode.c.h; path = XLFormValidatorProtocol.h; sourceTree = "<group>"; };
		DC811B612114041600D3146A /* TextViewCell.m */ = {isa = PBXFileReference; fileEncoding = 4; lastKnownFileType = sourcecode.c.objc; path = TextViewCell.m; sourceTree = "<group>"; };
		DC811B622114041600D3146A /* XXYYiduInputCell.xib */ = {isa = PBXFileReference; fileEncoding = 4; lastKnownFileType = file.xib; path = XXYYiduInputCell.xib; sourceTree = "<group>"; };
		DC811B632114041600D3146A /* RightButtonCell.xib */ = {isa = PBXFileReference; fileEncoding = 4; lastKnownFileType = file.xib; path = RightButtonCell.xib; sourceTree = "<group>"; };
		DC811B642114041600D3146A /* RightButtonCell.h */ = {isa = PBXFileReference; fileEncoding = 4; lastKnownFileType = sourcecode.c.h; path = RightButtonCell.h; sourceTree = "<group>"; };
		DC811B652114041600D3146A /* ButtonTableViewCell.m */ = {isa = PBXFileReference; fileEncoding = 4; lastKnownFileType = sourcecode.c.objc; path = ButtonTableViewCell.m; sourceTree = "<group>"; };
		DC811B662114041600D3146A /* PlainButtonCell.h */ = {isa = PBXFileReference; fileEncoding = 4; lastKnownFileType = sourcecode.c.h; path = PlainButtonCell.h; sourceTree = "<group>"; };
		DC811B672114041600D3146A /* ButtonTableViewCell.xib */ = {isa = PBXFileReference; fileEncoding = 4; lastKnownFileType = file.xib; path = ButtonTableViewCell.xib; sourceTree = "<group>"; };
		DC811B682114041600D3146A /* VerifyCodeTableViewCell.h */ = {isa = PBXFileReference; fileEncoding = 4; lastKnownFileType = sourcecode.c.h; path = VerifyCodeTableViewCell.h; sourceTree = "<group>"; };
		DC811B692114041600D3146A /* SpeechCodeCell.m */ = {isa = PBXFileReference; fileEncoding = 4; lastKnownFileType = sourcecode.c.objc; path = SpeechCodeCell.m; sourceTree = "<group>"; };
		DC811B6A2114041600D3146A /* TextFieldTableViewCell.m */ = {isa = PBXFileReference; fileEncoding = 4; lastKnownFileType = sourcecode.c.objc; path = TextFieldTableViewCell.m; sourceTree = "<group>"; };
		DC811B6B2114041600D3146A /* XXYYiduInputCell.m */ = {isa = PBXFileReference; fileEncoding = 4; lastKnownFileType = sourcecode.c.objc; path = XXYYiduInputCell.m; sourceTree = "<group>"; };
		DC811B6C2114041600D3146A /* TextViewCell.h */ = {isa = PBXFileReference; fileEncoding = 4; lastKnownFileType = sourcecode.c.h; path = TextViewCell.h; sourceTree = "<group>"; };
		DC811B6D2114041600D3146A /* VerifyCodeTableViewCell.xib */ = {isa = PBXFileReference; fileEncoding = 4; lastKnownFileType = file.xib; path = VerifyCodeTableViewCell.xib; sourceTree = "<group>"; };
		DC811B6E2114041600D3146A /* RightButtonCell.m */ = {isa = PBXFileReference; fileEncoding = 4; lastKnownFileType = sourcecode.c.objc; path = RightButtonCell.m; sourceTree = "<group>"; };
		DC811B6F2114041600D3146A /* ButtonTableViewCell.h */ = {isa = PBXFileReference; fileEncoding = 4; lastKnownFileType = sourcecode.c.h; path = ButtonTableViewCell.h; sourceTree = "<group>"; };
		DC811B702114041600D3146A /* TextFieldTableViewCell.xib */ = {isa = PBXFileReference; fileEncoding = 4; lastKnownFileType = file.xib; path = TextFieldTableViewCell.xib; sourceTree = "<group>"; };
		DC811B712114041600D3146A /* VerifyCodeTableViewCell.m */ = {isa = PBXFileReference; fileEncoding = 4; lastKnownFileType = sourcecode.c.objc; path = VerifyCodeTableViewCell.m; sourceTree = "<group>"; };
		DC811B722114041600D3146A /* PlainButtonCell.m */ = {isa = PBXFileReference; fileEncoding = 4; lastKnownFileType = sourcecode.c.objc; path = PlainButtonCell.m; sourceTree = "<group>"; };
		DC811B732114041600D3146A /* PlainButtonCell.xib */ = {isa = PBXFileReference; fileEncoding = 4; lastKnownFileType = file.xib; path = PlainButtonCell.xib; sourceTree = "<group>"; };
		DC811B742114041600D3146A /* XXYYiduInputCell.h */ = {isa = PBXFileReference; fileEncoding = 4; lastKnownFileType = sourcecode.c.h; path = XXYYiduInputCell.h; sourceTree = "<group>"; };
		DC811B752114041600D3146A /* TextFieldTableViewCell.h */ = {isa = PBXFileReference; fileEncoding = 4; lastKnownFileType = sourcecode.c.h; path = TextFieldTableViewCell.h; sourceTree = "<group>"; };
		DC811B762114041600D3146A /* SpeechCodeCell.h */ = {isa = PBXFileReference; fileEncoding = 4; lastKnownFileType = sourcecode.c.h; path = SpeechCodeCell.h; sourceTree = "<group>"; };
		DCAFCC5E212D785800C9161D /* XXYBaseNavigationViewController.h */ = {isa = PBXFileReference; fileEncoding = 4; lastKnownFileType = sourcecode.c.h; path = XXYBaseNavigationViewController.h; sourceTree = "<group>"; };
		DCAFCC5F212D785800C9161D /* XXYMainTabbarViewController.h */ = {isa = PBXFileReference; fileEncoding = 4; lastKnownFileType = sourcecode.c.h; path = XXYMainTabbarViewController.h; sourceTree = "<group>"; };
		DCAFCC60212D785800C9161D /* XXYTabBar.m */ = {isa = PBXFileReference; fileEncoding = 4; lastKnownFileType = sourcecode.c.objc; path = XXYTabBar.m; sourceTree = "<group>"; };
		DCAFCC61212D785800C9161D /* XXYBaseNavigationViewController.m */ = {isa = PBXFileReference; fileEncoding = 4; lastKnownFileType = sourcecode.c.objc; path = XXYBaseNavigationViewController.m; sourceTree = "<group>"; };
		DCAFCC62212D785800C9161D /* XXYMainTabbarViewController.m */ = {isa = PBXFileReference; fileEncoding = 4; lastKnownFileType = sourcecode.c.objc; path = XXYMainTabbarViewController.m; sourceTree = "<group>"; };
		DCAFCC63212D785800C9161D /* XXYTabBar.h */ = {isa = PBXFileReference; fileEncoding = 4; lastKnownFileType = sourcecode.c.h; path = XXYTabBar.h; sourceTree = "<group>"; };
		DCFA359D212FA0D000AF16D2 /* UIWebViewController.h */ = {isa = PBXFileReference; fileEncoding = 4; lastKnownFileType = sourcecode.c.h; path = UIWebViewController.h; sourceTree = "<group>"; };
		DCFA359E212FA0D000AF16D2 /* ScriptMessageHandler.h */ = {isa = PBXFileReference; fileEncoding = 4; lastKnownFileType = sourcecode.c.h; path = ScriptMessageHandler.h; sourceTree = "<group>"; };
		DCFA359F212FA0D000AF16D2 /* WebTool.h */ = {isa = PBXFileReference; fileEncoding = 4; lastKnownFileType = sourcecode.c.h; path = WebTool.h; sourceTree = "<group>"; };
		DCFA35A0212FA0D000AF16D2 /* WebViewController.m */ = {isa = PBXFileReference; fileEncoding = 4; lastKnownFileType = sourcecode.c.objc; path = WebViewController.m; sourceTree = "<group>"; };
		DCFA35A1212FA0D000AF16D2 /* ScriptMessageHandler.m */ = {isa = PBXFileReference; fileEncoding = 4; lastKnownFileType = sourcecode.c.objc; path = ScriptMessageHandler.m; sourceTree = "<group>"; };
		DCFA35A2212FA0D000AF16D2 /* UIWebViewController.m */ = {isa = PBXFileReference; fileEncoding = 4; lastKnownFileType = sourcecode.c.objc; path = UIWebViewController.m; sourceTree = "<group>"; };
		DCFA35A3212FA0D000AF16D2 /* WebTool.m */ = {isa = PBXFileReference; fileEncoding = 4; lastKnownFileType = sourcecode.c.objc; path = WebTool.m; sourceTree = "<group>"; };
		DCFA35A4212FA0D000AF16D2 /* WebViewController.h */ = {isa = PBXFileReference; fileEncoding = 4; lastKnownFileType = sourcecode.c.h; path = WebViewController.h; sourceTree = "<group>"; };
		DCFA35AA212FA58D00AF16D2 /* XXYButton.h */ = {isa = PBXFileReference; fileEncoding = 4; lastKnownFileType = sourcecode.c.h; path = XXYButton.h; sourceTree = "<group>"; };
		DCFA35AB212FA58D00AF16D2 /* XXYButton.m */ = {isa = PBXFileReference; fileEncoding = 4; lastKnownFileType = sourcecode.c.objc; path = XXYButton.m; sourceTree = "<group>"; };
		DCFA35AE212FA5AB00AF16D2 /* XXYTextView.m */ = {isa = PBXFileReference; fileEncoding = 4; lastKnownFileType = sourcecode.c.objc; path = XXYTextView.m; sourceTree = "<group>"; };
		DCFA35AF212FA5AB00AF16D2 /* XXYTextView.h */ = {isa = PBXFileReference; fileEncoding = 4; lastKnownFileType = sourcecode.c.h; path = XXYTextView.h; sourceTree = "<group>"; };
		DCFA35B2212FA64E00AF16D2 /* NHDefaultHeader.h */ = {isa = PBXFileReference; fileEncoding = 4; lastKnownFileType = sourcecode.c.h; path = NHDefaultHeader.h; sourceTree = "<group>"; };
		DCFA35B3212FA64E00AF16D2 /* FormCellTagConstants.h */ = {isa = PBXFileReference; fileEncoding = 4; lastKnownFileType = sourcecode.c.h; path = FormCellTagConstants.h; sourceTree = "<group>"; };
		DCFA35B4212FA6FB00AF16D2 /* PrefixHeader.pch */ = {isa = PBXFileReference; lastKnownFileType = sourcecode.c.h; path = PrefixHeader.pch; sourceTree = "<group>"; };
		DCFA35B6212FA8FD00AF16D2 /* UIColor+hexColor.h */ = {isa = PBXFileReference; fileEncoding = 4; lastKnownFileType = sourcecode.c.h; path = "UIColor+hexColor.h"; sourceTree = "<group>"; };
		DCFA35B7212FA8FD00AF16D2 /* UIColor+hexColor.m */ = {isa = PBXFileReference; fileEncoding = 4; lastKnownFileType = sourcecode.c.objc; path = "UIColor+hexColor.m"; sourceTree = "<group>"; };
		DCFA35BA212FA97E00AF16D2 /* AnimationContoller.h */ = {isa = PBXFileReference; lastKnownFileType = sourcecode.c.h; path = AnimationContoller.h; sourceTree = "<group>"; };
		DCFA35BB212FA97E00AF16D2 /* AnimationContoller.m */ = {isa = PBXFileReference; lastKnownFileType = sourcecode.c.objc; path = AnimationContoller.m; sourceTree = "<group>"; };
		DCFA35BE212FAA1200AF16D2 /* UIImage+AddForRoundedCorner.m */ = {isa = PBXFileReference; fileEncoding = 4; lastKnownFileType = sourcecode.c.objc; path = "UIImage+AddForRoundedCorner.m"; sourceTree = "<group>"; };
		DCFA35BF212FAA1200AF16D2 /* UIImage+Theme.h */ = {isa = PBXFileReference; fileEncoding = 4; lastKnownFileType = sourcecode.c.h; path = "UIImage+Theme.h"; sourceTree = "<group>"; };
		DCFA35C0212FAA1200AF16D2 /* UIImage+Theme.m */ = {isa = PBXFileReference; fileEncoding = 4; lastKnownFileType = sourcecode.c.objc; path = "UIImage+Theme.m"; sourceTree = "<group>"; };
		DCFA35C1212FAA1200AF16D2 /* UIImage+AddForRoundedCorner.h */ = {isa = PBXFileReference; fileEncoding = 4; lastKnownFileType = sourcecode.c.h; path = "UIImage+AddForRoundedCorner.h"; sourceTree = "<group>"; };
		DCFA35C5212FAB3500AF16D2 /* NSDate+Category.m */ = {isa = PBXFileReference; fileEncoding = 4; lastKnownFileType = sourcecode.c.objc; path = "NSDate+Category.m"; sourceTree = "<group>"; };
		DCFA35C6212FAB3500AF16D2 /* NSDateFormatter+Category.h */ = {isa = PBXFileReference; fileEncoding = 4; lastKnownFileType = sourcecode.c.h; path = "NSDateFormatter+Category.h"; sourceTree = "<group>"; };
		DCFA35C7212FAB3500AF16D2 /* NSDate+Category.h */ = {isa = PBXFileReference; fileEncoding = 4; lastKnownFileType = sourcecode.c.h; path = "NSDate+Category.h"; sourceTree = "<group>"; };
		DCFA35C8212FAB3500AF16D2 /* NSDateFormatter+Category.m */ = {isa = PBXFileReference; fileEncoding = 4; lastKnownFileType = sourcecode.c.objc; path = "NSDateFormatter+Category.m"; sourceTree = "<group>"; };
/* End PBXFileReference section */

/* Begin PBXFrameworksBuildPhase section */
		3EBC25E91F75232500DF83FD /* Frameworks */ = {
			isa = PBXFrameworksBuildPhase;
			buildActionMask = 2147483647;
			files = (
				C5428FEA5F359141802139F8 /* libPods-HLCommon.a in Frameworks */,
			);
			runOnlyForDeploymentPostprocessing = 0;
		};
/* End PBXFrameworksBuildPhase section */

/* Begin PBXGroup section */
		2EBA60047BAB9357B8063CBA /* Pods */ = {
			isa = PBXGroup;
			children = (
				7541FE250892C74DA17C532D /* Pods-HLCommon.debug.xcconfig */,
				170D4973260EF907CF5C91DD /* Pods-HLCommon.release.xcconfig */,
			);
			name = Pods;
			sourceTree = "<group>";
		};
		3EBC25E31F75232500DF83FD = {
			isa = PBXGroup;
			children = (
				3EBC25EE1F75232500DF83FD /* HLCommon */,
				3EBC25ED1F75232500DF83FD /* Products */,
				2EBA60047BAB9357B8063CBA /* Pods */,
				D74841395EFE74160C26E6C0 /* Frameworks */,
			);
			sourceTree = "<group>";
		};
		3EBC25ED1F75232500DF83FD /* Products */ = {
			isa = PBXGroup;
			children = (
				3EBC25EC1F75232500DF83FD /* HLCommon.app */,
			);
			name = Products;
			sourceTree = "<group>";
		};
		3EBC25EE1F75232500DF83FD /* HLCommon */ = {
			isa = PBXGroup;
			children = (
				3EBC25F21F75232500DF83FD /* AppDelegate.h */,
				3EBC25F31F75232500DF83FD /* AppDelegate.m */,
				3EBC25F51F75232500DF83FD /* ViewController.h */,
				3EBC25F61F75232500DF83FD /* ViewController.m */,
				3EDC094C1F7935DF00C7F847 /* HLCommon */,
				3EBC25F81F75232500DF83FD /* Main.storyboard */,
				3EBC25FB1F75232500DF83FD /* Assets.xcassets */,
				3EBC25EF1F75232500DF83FD /* Supporting Files */,
			);
			path = HLCommon;
			sourceTree = "<group>";
		};
		3EBC25EF1F75232500DF83FD /* Supporting Files */ = {
			isa = PBXGroup;
			children = (
				DCFA35B1212FA64E00AF16D2 /* Macro */,
				3EBC25FD1F75232500DF83FD /* LaunchScreen.storyboard */,
				DCFA35B4212FA6FB00AF16D2 /* PrefixHeader.pch */,
				3EBC26001F75232500DF83FD /* Info.plist */,
				3EBC25F01F75232500DF83FD /* main.m */,
			);
			name = "Supporting Files";
			sourceTree = "<group>";
		};
		3EDC094C1F7935DF00C7F847 /* HLCommon */ = {
			isa = PBXGroup;
			children = (
				DCFA35AD212FA5A300AF16D2 /* CustomTextView */,
				DCFA35A9212FA58500AF16D2 /* CustomButton */,
				DCFA359C212FA0D000AF16D2 /* WebViewController */,
				DC811B2D2114041600D3146A /* XLForm */,
				DC6F9A64210F05D1009855ED /* AddressBookManager */,
				DC6F9A60210F02B1009855ED /* Slider */,
				DC6F9A59210F00E4009855ED /* BannerView */,
				3EDC095A1F7936CA00C7F847 /* Category */,
				3EDC094D1F79360900C7F847 /* BaseVC */,
			);
			path = HLCommon;
			sourceTree = "<group>";
		};
		3EDC094D1F79360900C7F847 /* BaseVC */ = {
			isa = PBXGroup;
			children = (
				DCFA35B9212FA96800AF16D2 /* Transition */,
				DCAFCC67212D786500C9161D /* View */,
				DCAFCC5D212D785800C9161D /* Main */,
			);
			path = BaseVC;
			sourceTree = "<group>";
		};
		3EDC095A1F7936CA00C7F847 /* Category */ = {
			isa = PBXGroup;
			children = (
				3EDC095C1F7936F900C7F847 /* UIKit */,
				3EDC095B1F7936E500C7F847 /* Foundation */,
			);
			path = Category;
			sourceTree = "<group>";
		};
		3EDC095B1F7936E500C7F847 /* Foundation */ = {
			isa = PBXGroup;
			children = (
				DCFA35C4212FAB3500AF16D2 /* NSDate */,
				3EDC09611F79374400C7F847 /* NSString */,
			);
			path = Foundation;
			sourceTree = "<group>";
		};
		3EDC095C1F7936F900C7F847 /* UIKit */ = {
			isa = PBXGroup;
			children = (
				DCFA35BD212FAA1200AF16D2 /* UIImage */,
				DCFA35B5212FA8E200AF16D2 /* UIColor */,
				3EDC095D1F79371C00C7F847 /* UIView */,
			);
			path = UIKit;
			sourceTree = "<group>";
		};
		3EDC095D1F79371C00C7F847 /* UIView */ = {
			isa = PBXGroup;
			children = (
				3EDC095E1F79372800C7F847 /* UIView+Frame.h */,
				3EDC095F1F79372800C7F847 /* UIView+Frame.m */,
			);
			path = UIView;
			sourceTree = "<group>";
		};
		3EDC09611F79374400C7F847 /* NSString */ = {
			isa = PBXGroup;
			children = (
				3EDC09621F79374D00C7F847 /* NSString+Size.h */,
				3EDC09631F79374D00C7F847 /* NSString+Size.m */,
			);
			path = NSString;
			sourceTree = "<group>";
		};
		D74841395EFE74160C26E6C0 /* Frameworks */ = {
			isa = PBXGroup;
			children = (
				CF4E471CB5BE0F7AD7E34574 /* libPods-HLCommon.a */,
			);
			name = Frameworks;
			sourceTree = "<group>";
		};
		DC6F9A59210F00E4009855ED /* BannerView */ = {
			isa = PBXGroup;
			children = (
				DC6F9A5A210F00E4009855ED /* BannerViewCell.h */,
				DC6F9A5C210F00E4009855ED /* BannerViewCell.m */,
				DC6F9A5B210F00E4009855ED /* HLBannerView.h */,
				DC6F9A5D210F00E4009855ED /* HLBannerView.m */,
			);
			path = BannerView;
			sourceTree = "<group>";
		};
		DC6F9A60210F02B1009855ED /* Slider */ = {
			isa = PBXGroup;
			children = (
				DC6F9A62210F02B1009855ED /* XXYSlider.h */,
				DC6F9A61210F02B1009855ED /* XXYSlider.m */,
			);
			path = Slider;
			sourceTree = "<group>";
		};
		DC6F9A64210F05D1009855ED /* AddressBookManager */ = {
			isa = PBXGroup;
			children = (
				DC6F9A65210F05D1009855ED /* ChineseInclude.h */,
				DC6F9A66210F05D1009855ED /* HandleAddressBook.m */,
				DC6F9A67210F05D1009855ED /* AddressManager.h */,
				DC6F9A68210F05D1009855ED /* PersonInfoModel.h */,
				DC6F9A69210F05D1009855ED /* ChineseInclude.m */,
				DC6F9A6A210F05D1009855ED /* AddressManager.m */,
				DC6F9A6B210F05D1009855ED /* PersonInfoModel.m */,
				DC6F9A6C210F05D1009855ED /* HandleAddressBook.h */,
			);
			path = AddressBookManager;
			sourceTree = "<group>";
		};
		DC811B2D2114041600D3146A /* XLForm */ = {
			isa = PBXGroup;
			children = (
				DC811B332114041600D3146A /* XLForm.h */,
				DC811B4A2114041600D3146A /* XLForm.m */,
				DC811B2E2114041600D3146A /* Demo */,
				DC811B342114041600D3146A /* Cell */,
				DC811B3C2114041600D3146A /* Descriptors */,
				DC811B442114041600D3146A /* Controllers */,
				DC811B4B2114041600D3146A /* Helpers */,
				DC811B582114041600D3146A /* Validation */,
				DC811B602114041600D3146A /* CustomCell */,
			);
			path = XLForm;
			sourceTree = "<group>";
		};
		DC811B2E2114041600D3146A /* Demo */ = {
			isa = PBXGroup;
			children = (
				DC811B2F2114041600D3146A /* LoginViewController.m */,
				DC811B302114041600D3146A /* RegisterViewController.m */,
				DC811B312114041600D3146A /* LoginViewController.h */,
				DC811B322114041600D3146A /* RegisterViewController.h */,
			);
			path = Demo;
			sourceTree = "<group>";
		};
		DC811B342114041600D3146A /* Cell */ = {
			isa = PBXGroup;
			children = (
				DC811B352114041600D3146A /* XLFormDescriptorCell.h */,
				DC811B362114041600D3146A /* XLFormBaseCell.m */,
				DC811B372114041600D3146A /* XLFormSwitchCell.m */,
				DC811B382114041600D3146A /* XLFormDateCell.h */,
				DC811B392114041600D3146A /* XLFormSwitchCell.h */,
				DC811B3A2114041600D3146A /* XLFormBaseCell.h */,
				DC811B3B2114041600D3146A /* XLFormDateCell.m */,
			);
			path = Cell;
			sourceTree = "<group>";
		};
		DC811B3C2114041600D3146A /* Descriptors */ = {
			isa = PBXGroup;
			children = (
				DC811B3D2114041600D3146A /* XLFormDescriptor.h */,
				DC811B3E2114041600D3146A /* XLFormRowDescriptor.h */,
				DC811B3F2114041600D3146A /* XLFormDescriptorDelegate.h */,
				DC811B402114041600D3146A /* XLFormSectionDescriptor.m */,
				DC811B412114041600D3146A /* XLFormRowDescriptor.m */,
				DC811B422114041600D3146A /* XLFormDescriptor.m */,
				DC811B432114041600D3146A /* XLFormSectionDescriptor.h */,
			);
			path = Descriptors;
			sourceTree = "<group>";
		};
		DC811B442114041600D3146A /* Controllers */ = {
			isa = PBXGroup;
			children = (
				DC811B452114041600D3146A /* XLFormViewController.m */,
				DC811B462114041600D3146A /* XLFormOptionsObject.h */,
				DC811B472114041600D3146A /* XLFormRowDescriptorViewController.h */,
				DC811B482114041600D3146A /* XLFormViewController.h */,
				DC811B492114041600D3146A /* XLFormOptionsObject.m */,
			);
			path = Controllers;
			sourceTree = "<group>";
		};
		DC811B4B2114041600D3146A /* Helpers */ = {
			isa = PBXGroup;
			children = (
				DC811B4C2114041600D3146A /* NSPredicate+XLFormAdditions.m */,
				DC811B4D2114041600D3146A /* NSExpression+XLFormAdditions.m */,
				DC811B4E2114041600D3146A /* UITableViewCell+Helper.h */,
				DC811B4F2114041600D3146A /* XLFormRowNavigationAccessoryView.m */,
				DC811B502114041600D3146A /* UIView+XLFormAdditions.h */,
				DC811B512114041600D3146A /* NSString+XLFormAdditions.m */,
				DC811B522114041600D3146A /* NSExpression+XLFormAdditions.h */,
				DC811B532114041600D3146A /* NSPredicate+XLFormAdditions.h */,
				DC811B542114041600D3146A /* NSString+XLFormAdditions.h */,
				DC811B552114041600D3146A /* UIView+XLFormAdditions.m */,
				DC811B562114041600D3146A /* XLFormRowNavigationAccessoryView.h */,
				DC811B572114041600D3146A /* UITableViewCell+Helper.m */,
			);
			path = Helpers;
			sourceTree = "<group>";
		};
		DC811B582114041600D3146A /* Validation */ = {
			isa = PBXGroup;
			children = (
				DC811B592114041600D3146A /* XLFormRegexValidator.m */,
				DC811B5A2114041600D3146A /* XLFormValidator.h */,
				DC811B5B2114041600D3146A /* XLFormValidationStatus.m */,
				DC811B5C2114041600D3146A /* XLFormValidator.m */,
				DC811B5D2114041600D3146A /* XLFormRegexValidator.h */,
				DC811B5E2114041600D3146A /* XLFormValidationStatus.h */,
				DC811B5F2114041600D3146A /* XLFormValidatorProtocol.h */,
			);
			path = Validation;
			sourceTree = "<group>";
		};
		DC811B602114041600D3146A /* CustomCell */ = {
			isa = PBXGroup;
			children = (
				DC811B612114041600D3146A /* TextViewCell.m */,
				DC811B622114041600D3146A /* XXYYiduInputCell.xib */,
				DC811B632114041600D3146A /* RightButtonCell.xib */,
				DC811B642114041600D3146A /* RightButtonCell.h */,
				DC811B652114041600D3146A /* ButtonTableViewCell.m */,
				DC811B662114041600D3146A /* PlainButtonCell.h */,
				DC811B672114041600D3146A /* ButtonTableViewCell.xib */,
				DC811B682114041600D3146A /* VerifyCodeTableViewCell.h */,
				DC811B692114041600D3146A /* SpeechCodeCell.m */,
				DC811B6A2114041600D3146A /* TextFieldTableViewCell.m */,
				DC811B6B2114041600D3146A /* XXYYiduInputCell.m */,
				DC811B6C2114041600D3146A /* TextViewCell.h */,
				DC811B6D2114041600D3146A /* VerifyCodeTableViewCell.xib */,
				DC811B6E2114041600D3146A /* RightButtonCell.m */,
				DC811B6F2114041600D3146A /* ButtonTableViewCell.h */,
				DC811B702114041600D3146A /* TextFieldTableViewCell.xib */,
				DC811B712114041600D3146A /* VerifyCodeTableViewCell.m */,
				DC811B722114041600D3146A /* PlainButtonCell.m */,
				DC811B732114041600D3146A /* PlainButtonCell.xib */,
				DC811B742114041600D3146A /* XXYYiduInputCell.h */,
				DC811B752114041600D3146A /* TextFieldTableViewCell.h */,
				DC811B762114041600D3146A /* SpeechCodeCell.h */,
			);
			path = CustomCell;
			sourceTree = "<group>";
		};
		DCAFCC5D212D785800C9161D /* Main */ = {
			isa = PBXGroup;
			children = (
				DCAFCC5E212D785800C9161D /* XXYBaseNavigationViewController.h */,
				DCAFCC5F212D785800C9161D /* XXYMainTabbarViewController.h */,
				DCAFCC60212D785800C9161D /* XXYTabBar.m */,
				DCAFCC61212D785800C9161D /* XXYBaseNavigationViewController.m */,
				DCAFCC62212D785800C9161D /* XXYMainTabbarViewController.m */,
				DCAFCC63212D785800C9161D /* XXYTabBar.h */,
			);
			path = Main;
			sourceTree = "<group>";
		};
		DCAFCC67212D786500C9161D /* View */ = {
			isa = PBXGroup;
			children = (
				3EDC094E1F79361D00C7F847 /* HLBaseViewController.h */,
				3EDC094F1F79361D00C7F847 /* HLBaseViewController.m */,
				3EDC09501F79361D00C7F847 /* HLCommonEmptyView.h */,
				3EDC09511F79361D00C7F847 /* HLCommonEmptyView.m */,
				3EDC09521F79361D00C7F847 /* HLLoadingAnimationView.h */,
				3EDC09531F79361D00C7F847 /* HLLoadingAnimationView.m */,
				3EDC09541F79361D00C7F847 /* HLNoNetworkEmptyView.h */,
				3EDC09551F79361D00C7F847 /* HLNoNetworkEmptyView.m */,
			);
			path = View;
			sourceTree = "<group>";
		};
		DCFA359C212FA0D000AF16D2 /* WebViewController */ = {
			isa = PBXGroup;
			children = (
				DCFA359D212FA0D000AF16D2 /* UIWebViewController.h */,
				DCFA35A2212FA0D000AF16D2 /* UIWebViewController.m */,
				DCFA35A4212FA0D000AF16D2 /* WebViewController.h */,
				DCFA35A0212FA0D000AF16D2 /* WebViewController.m */,
				DCFA359F212FA0D000AF16D2 /* WebTool.h */,
				DCFA35A3212FA0D000AF16D2 /* WebTool.m */,
				DCFA359E212FA0D000AF16D2 /* ScriptMessageHandler.h */,
				DCFA35A1212FA0D000AF16D2 /* ScriptMessageHandler.m */,
			);
			path = WebViewController;
			sourceTree = "<group>";
		};
		DCFA35A9212FA58500AF16D2 /* CustomButton */ = {
			isa = PBXGroup;
			children = (
				DCFA35AA212FA58D00AF16D2 /* XXYButton.h */,
				DCFA35AB212FA58D00AF16D2 /* XXYButton.m */,
			);
			path = CustomButton;
			sourceTree = "<group>";
		};
		DCFA35AD212FA5A300AF16D2 /* CustomTextView */ = {
			isa = PBXGroup;
			children = (
				DCFA35AF212FA5AB00AF16D2 /* XXYTextView.h */,
				DCFA35AE212FA5AB00AF16D2 /* XXYTextView.m */,
			);
			path = CustomTextView;
			sourceTree = "<group>";
		};
		DCFA35B1212FA64E00AF16D2 /* Macro */ = {
			isa = PBXGroup;
			children = (
				DCFA35B2212FA64E00AF16D2 /* NHDefaultHeader.h */,
				DCFA35B3212FA64E00AF16D2 /* FormCellTagConstants.h */,
			);
			path = Macro;
			sourceTree = "<group>";
		};
		DCFA35B5212FA8E200AF16D2 /* UIColor */ = {
			isa = PBXGroup;
			children = (
				DCFA35B6212FA8FD00AF16D2 /* UIColor+hexColor.h */,
				DCFA35B7212FA8FD00AF16D2 /* UIColor+hexColor.m */,
			);
			path = UIColor;
			sourceTree = "<group>";
		};
		DCFA35B9212FA96800AF16D2 /* Transition */ = {
			isa = PBXGroup;
			children = (
				DCFA35BA212FA97E00AF16D2 /* AnimationContoller.h */,
				DCFA35BB212FA97E00AF16D2 /* AnimationContoller.m */,
			);
			path = Transition;
			sourceTree = "<group>";
		};
		DCFA35BD212FAA1200AF16D2 /* UIImage */ = {
			isa = PBXGroup;
			children = (
				DCFA35BE212FAA1200AF16D2 /* UIImage+AddForRoundedCorner.m */,
				DCFA35BF212FAA1200AF16D2 /* UIImage+Theme.h */,
				DCFA35C0212FAA1200AF16D2 /* UIImage+Theme.m */,
				DCFA35C1212FAA1200AF16D2 /* UIImage+AddForRoundedCorner.h */,
			);
			path = UIImage;
			sourceTree = "<group>";
		};
		DCFA35C4212FAB3500AF16D2 /* NSDate */ = {
			isa = PBXGroup;
			children = (
				DCFA35C5212FAB3500AF16D2 /* NSDate+Category.m */,
				DCFA35C6212FAB3500AF16D2 /* NSDateFormatter+Category.h */,
				DCFA35C7212FAB3500AF16D2 /* NSDate+Category.h */,
				DCFA35C8212FAB3500AF16D2 /* NSDateFormatter+Category.m */,
			);
			path = NSDate;
			sourceTree = "<group>";
		};
/* End PBXGroup section */

/* Begin PBXNativeTarget section */
		3EBC25EB1F75232500DF83FD /* HLCommon */ = {
			isa = PBXNativeTarget;
			buildConfigurationList = 3EBC26031F75232500DF83FD /* Build configuration list for PBXNativeTarget "HLCommon" */;
			buildPhases = (
				D2B001657464B96DF559FDF0 /* [CP] Check Pods Manifest.lock */,
				3EBC25E81F75232500DF83FD /* Sources */,
				3EBC25E91F75232500DF83FD /* Frameworks */,
				3EBC25EA1F75232500DF83FD /* Resources */,
				A27F3F2E2CACFFCC8583EE31 /* [CP] Embed Pods Frameworks */,
				3E4ADF388D7373970B5193C5 /* [CP] Copy Pods Resources */,
			);
			buildRules = (
			);
			dependencies = (
			);
			name = HLCommon;
			productName = HLCommon;
			productReference = 3EBC25EC1F75232500DF83FD /* HLCommon.app */;
			productType = "com.apple.product-type.application";
		};
/* End PBXNativeTarget section */

/* Begin PBXProject section */
		3EBC25E41F75232500DF83FD /* Project object */ = {
			isa = PBXProject;
			attributes = {
				LastUpgradeCheck = 0800;
				ORGANIZATIONNAME = apple;
				TargetAttributes = {
					3EBC25EB1F75232500DF83FD = {
						CreatedOnToolsVersion = 8.0;
						DevelopmentTeam = G9P23454RQ;
						ProvisioningStyle = Automatic;
					};
				};
			};
			buildConfigurationList = 3EBC25E71F75232500DF83FD /* Build configuration list for PBXProject "HLCommon" */;
			compatibilityVersion = "Xcode 3.2";
			developmentRegion = English;
			hasScannedForEncodings = 0;
			knownRegions = (
				en,
				Base,
			);
			mainGroup = 3EBC25E31F75232500DF83FD;
			productRefGroup = 3EBC25ED1F75232500DF83FD /* Products */;
			projectDirPath = "";
			projectRoot = "";
			targets = (
				3EBC25EB1F75232500DF83FD /* HLCommon */,
			);
		};
/* End PBXProject section */

/* Begin PBXResourcesBuildPhase section */
		3EBC25EA1F75232500DF83FD /* Resources */ = {
			isa = PBXResourcesBuildPhase;
			buildActionMask = 2147483647;
			files = (
				3EBC25FF1F75232500DF83FD /* LaunchScreen.storyboard in Resources */,
				DC811B8F2114041600D3146A /* ButtonTableViewCell.xib in Resources */,
				DC811B932114041600D3146A /* VerifyCodeTableViewCell.xib in Resources */,
				DC811B8C2114041600D3146A /* XXYYiduInputCell.xib in Resources */,
				DC811B982114041600D3146A /* PlainButtonCell.xib in Resources */,
				3EBC25FC1F75232500DF83FD /* Assets.xcassets in Resources */,
				DC811B8D2114041600D3146A /* RightButtonCell.xib in Resources */,
				3EBC25FA1F75232500DF83FD /* Main.storyboard in Resources */,
				DC811B952114041600D3146A /* TextFieldTableViewCell.xib in Resources */,
			);
			runOnlyForDeploymentPostprocessing = 0;
		};
/* End PBXResourcesBuildPhase section */

/* Begin PBXShellScriptBuildPhase section */
		3E4ADF388D7373970B5193C5 /* [CP] Copy Pods Resources */ = {
			isa = PBXShellScriptBuildPhase;
			buildActionMask = 2147483647;
			files = (
			);
			inputPaths = (
			);
			name = "[CP] Copy Pods Resources";
			outputPaths = (
			);
			runOnlyForDeploymentPostprocessing = 0;
			shellPath = /bin/sh;
			shellScript = "\"${SRCROOT}/Pods/Target Support Files/Pods-HLCommon/Pods-HLCommon-resources.sh\"\n";
			showEnvVarsInLog = 0;
		};
		A27F3F2E2CACFFCC8583EE31 /* [CP] Embed Pods Frameworks */ = {
			isa = PBXShellScriptBuildPhase;
			buildActionMask = 2147483647;
			files = (
			);
			inputPaths = (
			);
			name = "[CP] Embed Pods Frameworks";
			outputPaths = (
			);
			runOnlyForDeploymentPostprocessing = 0;
			shellPath = /bin/sh;
			shellScript = "\"${SRCROOT}/Pods/Target Support Files/Pods-HLCommon/Pods-HLCommon-frameworks.sh\"\n";
			showEnvVarsInLog = 0;
		};
		D2B001657464B96DF559FDF0 /* [CP] Check Pods Manifest.lock */ = {
			isa = PBXShellScriptBuildPhase;
			buildActionMask = 2147483647;
			files = (
			);
			inputPaths = (
			);
			name = "[CP] Check Pods Manifest.lock";
			outputPaths = (
			);
			runOnlyForDeploymentPostprocessing = 0;
			shellPath = /bin/sh;
			shellScript = "diff \"${PODS_ROOT}/../Podfile.lock\" \"${PODS_ROOT}/Manifest.lock\" > /dev/null\nif [ $? != 0 ] ; then\n    # print error to STDERR\n    echo \"error: The sandbox is not in sync with the Podfile.lock. Run 'pod install' or update your CocoaPods installation.\" >&2\n    exit 1\nfi\n";
			showEnvVarsInLog = 0;
		};
/* End PBXShellScriptBuildPhase section */

/* Begin PBXSourcesBuildPhase section */
		3EBC25E81F75232500DF83FD /* Sources */ = {
			isa = PBXSourcesBuildPhase;
			buildActionMask = 2147483647;
			files = (
				DCFA35BC212FA97E00AF16D2 /* AnimationContoller.m in Sources */,
				DC811B832114041600D3146A /* NSExpression+XLFormAdditions.m in Sources */,
				DC6F9A70210F05D1009855ED /* PersonInfoModel.m in Sources */,
				DC811B8A2114041600D3146A /* XLFormValidator.m in Sources */,
				DC811B812114041600D3146A /* XLForm.m in Sources */,
				DC811B972114041600D3146A /* PlainButtonCell.m in Sources */,
				DC6F9A5F210F00E4009855ED /* HLBannerView.m in Sources */,
				DCFA35C3212FAA1200AF16D2 /* UIImage+Theme.m in Sources */,
				DC811B872114041600D3146A /* UITableViewCell+Helper.m in Sources */,
				DCFA35B8212FA8FD00AF16D2 /* UIColor+hexColor.m in Sources */,
				DC6F9A5E210F00E4009855ED /* BannerViewCell.m in Sources */,
				DC811B922114041600D3146A /* XXYYiduInputCell.m in Sources */,
				DC811B8B2114041600D3146A /* TextViewCell.m in Sources */,
				DC811B792114041600D3146A /* XLFormBaseCell.m in Sources */,
				DCFA35AC212FA58D00AF16D2 /* XXYButton.m in Sources */,
				DCFA35C2212FAA1200AF16D2 /* UIImage+AddForRoundedCorner.m in Sources */,
				DC6F9A6D210F05D1009855ED /* HandleAddressBook.m in Sources */,
				3EDC09601F79372800C7F847 /* UIView+Frame.m in Sources */,
				DCFA35A7212FA0D100AF16D2 /* UIWebViewController.m in Sources */,
				3EDC09571F79361D00C7F847 /* HLCommonEmptyView.m in Sources */,
				DC811B882114041600D3146A /* XLFormRegexValidator.m in Sources */,
				DCFA35B0212FA5AB00AF16D2 /* XXYTextView.m in Sources */,
				DCAFCC65212D785800C9161D /* XXYBaseNavigationViewController.m in Sources */,
				DC811B942114041600D3146A /* RightButtonCell.m in Sources */,
				DC811B822114041600D3146A /* NSPredicate+XLFormAdditions.m in Sources */,
				DC811B7A2114041600D3146A /* XLFormSwitchCell.m in Sources */,
				3EBC25F71F75232500DF83FD /* ViewController.m in Sources */,
				DC811B802114041600D3146A /* XLFormOptionsObject.m in Sources */,
				DC811B7B2114041600D3146A /* XLFormDateCell.m in Sources */,
				DC811B862114041600D3146A /* UIView+XLFormAdditions.m in Sources */,
				DC811B962114041600D3146A /* VerifyCodeTableViewCell.m in Sources */,
				DC811B8E2114041600D3146A /* ButtonTableViewCell.m in Sources */,
				DC811B772114041600D3146A /* LoginViewController.m in Sources */,
				DC811B7D2114041600D3146A /* XLFormRowDescriptor.m in Sources */,
				DC811B842114041600D3146A /* XLFormRowNavigationAccessoryView.m in Sources */,
				DC811B7E2114041600D3146A /* XLFormDescriptor.m in Sources */,
				DC6F9A6E210F05D1009855ED /* ChineseInclude.m in Sources */,
				DC811B7F2114041600D3146A /* XLFormViewController.m in Sources */,
				3EDC09581F79361D00C7F847 /* HLLoadingAnimationView.m in Sources */,
				DC6F9A63210F02B1009855ED /* XXYSlider.m in Sources */,
				3EDC09641F79374D00C7F847 /* NSString+Size.m in Sources */,
				DC811B852114041600D3146A /* NSString+XLFormAdditions.m in Sources */,
				DCFA35A8212FA0D100AF16D2 /* WebTool.m in Sources */,
				DC811B892114041600D3146A /* XLFormValidationStatus.m in Sources */,
				DCFA35A6212FA0D100AF16D2 /* ScriptMessageHandler.m in Sources */,
				DC6F9A6F210F05D1009855ED /* AddressManager.m in Sources */,
				DCAFCC64212D785800C9161D /* XXYTabBar.m in Sources */,
				DC811B7C2114041600D3146A /* XLFormSectionDescriptor.m in Sources */,
				DC811B782114041600D3146A /* RegisterViewController.m in Sources */,
				DC811B902114041600D3146A /* SpeechCodeCell.m in Sources */,
				3EBC25F41F75232500DF83FD /* AppDelegate.m in Sources */,
				DCAFCC66212D785800C9161D /* XXYMainTabbarViewController.m in Sources */,
				DCFA35CA212FAB3500AF16D2 /* NSDateFormatter+Category.m in Sources */,
				DCFA35A5212FA0D100AF16D2 /* WebViewController.m in Sources */,
				3EBC25F11F75232500DF83FD /* main.m in Sources */,
				3EDC09591F79361D00C7F847 /* HLNoNetworkEmptyView.m in Sources */,
				3EDC09561F79361D00C7F847 /* HLBaseViewController.m in Sources */,
				DCFA35C9212FAB3500AF16D2 /* NSDate+Category.m in Sources */,
				DC811B912114041600D3146A /* TextFieldTableViewCell.m in Sources */,
			);
			runOnlyForDeploymentPostprocessing = 0;
		};
/* End PBXSourcesBuildPhase section */

/* Begin PBXVariantGroup section */
		3EBC25F81F75232500DF83FD /* Main.storyboard */ = {
			isa = PBXVariantGroup;
			children = (
				3EBC25F91F75232500DF83FD /* Base */,
			);
			name = Main.storyboard;
			sourceTree = "<group>";
		};
		3EBC25FD1F75232500DF83FD /* LaunchScreen.storyboard */ = {
			isa = PBXVariantGroup;
			children = (
				3EBC25FE1F75232500DF83FD /* Base */,
			);
			name = LaunchScreen.storyboard;
			sourceTree = "<group>";
		};
/* End PBXVariantGroup section */

/* Begin XCBuildConfiguration section */
		3EBC26011F75232500DF83FD /* Debug */ = {
			isa = XCBuildConfiguration;
			buildSettings = {
				ALWAYS_SEARCH_USER_PATHS = NO;
				CLANG_ANALYZER_NONNULL = YES;
				CLANG_CXX_LANGUAGE_STANDARD = "gnu++0x";
				CLANG_CXX_LIBRARY = "libc++";
				CLANG_ENABLE_MODULES = YES;
				CLANG_ENABLE_OBJC_ARC = YES;
				CLANG_WARN_BOOL_CONVERSION = YES;
				CLANG_WARN_CONSTANT_CONVERSION = YES;
				CLANG_WARN_DIRECT_OBJC_ISA_USAGE = YES_ERROR;
				CLANG_WARN_DOCUMENTATION_COMMENTS = YES;
				CLANG_WARN_EMPTY_BODY = YES;
				CLANG_WARN_ENUM_CONVERSION = YES;
				CLANG_WARN_INFINITE_RECURSION = YES;
				CLANG_WARN_INT_CONVERSION = YES;
				CLANG_WARN_OBJC_ROOT_CLASS = YES_ERROR;
				CLANG_WARN_SUSPICIOUS_MOVES = YES;
				CLANG_WARN_UNREACHABLE_CODE = YES;
				CLANG_WARN__DUPLICATE_METHOD_MATCH = YES;
				"CODE_SIGN_IDENTITY[sdk=iphoneos*]" = "iPhone Developer";
				COPY_PHASE_STRIP = NO;
				DEBUG_INFORMATION_FORMAT = dwarf;
				ENABLE_STRICT_OBJC_MSGSEND = YES;
				ENABLE_TESTABILITY = YES;
				GCC_C_LANGUAGE_STANDARD = gnu99;
				GCC_DYNAMIC_NO_PIC = NO;
				GCC_NO_COMMON_BLOCKS = YES;
				GCC_OPTIMIZATION_LEVEL = 0;
				GCC_PREPROCESSOR_DEFINITIONS = (
					"DEBUG=1",
					"$(inherited)",
				);
				GCC_WARN_64_TO_32_BIT_CONVERSION = YES;
				GCC_WARN_ABOUT_RETURN_TYPE = YES_ERROR;
				GCC_WARN_UNDECLARED_SELECTOR = YES;
				GCC_WARN_UNINITIALIZED_AUTOS = YES_AGGRESSIVE;
				GCC_WARN_UNUSED_FUNCTION = YES;
				GCC_WARN_UNUSED_VARIABLE = YES;
				IPHONEOS_DEPLOYMENT_TARGET = 10.0;
				MTL_ENABLE_DEBUG_INFO = YES;
				ONLY_ACTIVE_ARCH = YES;
				SDKROOT = iphoneos;
				TARGETED_DEVICE_FAMILY = "1,2";
			};
			name = Debug;
		};
		3EBC26021F75232500DF83FD /* Release */ = {
			isa = XCBuildConfiguration;
			buildSettings = {
				ALWAYS_SEARCH_USER_PATHS = NO;
				CLANG_ANALYZER_NONNULL = YES;
				CLANG_CXX_LANGUAGE_STANDARD = "gnu++0x";
				CLANG_CXX_LIBRARY = "libc++";
				CLANG_ENABLE_MODULES = YES;
				CLANG_ENABLE_OBJC_ARC = YES;
				CLANG_WARN_BOOL_CONVERSION = YES;
				CLANG_WARN_CONSTANT_CONVERSION = YES;
				CLANG_WARN_DIRECT_OBJC_ISA_USAGE = YES_ERROR;
				CLANG_WARN_DOCUMENTATION_COMMENTS = YES;
				CLANG_WARN_EMPTY_BODY = YES;
				CLANG_WARN_ENUM_CONVERSION = YES;
				CLANG_WARN_INFINITE_RECURSION = YES;
				CLANG_WARN_INT_CONVERSION = YES;
				CLANG_WARN_OBJC_ROOT_CLASS = YES_ERROR;
				CLANG_WARN_SUSPICIOUS_MOVES = YES;
				CLANG_WARN_UNREACHABLE_CODE = YES;
				CLANG_WARN__DUPLICATE_METHOD_MATCH = YES;
				"CODE_SIGN_IDENTITY[sdk=iphoneos*]" = "iPhone Developer";
				COPY_PHASE_STRIP = NO;
				DEBUG_INFORMATION_FORMAT = "dwarf-with-dsym";
				ENABLE_NS_ASSERTIONS = NO;
				ENABLE_STRICT_OBJC_MSGSEND = YES;
				GCC_C_LANGUAGE_STANDARD = gnu99;
				GCC_NO_COMMON_BLOCKS = YES;
				GCC_WARN_64_TO_32_BIT_CONVERSION = YES;
				GCC_WARN_ABOUT_RETURN_TYPE = YES_ERROR;
				GCC_WARN_UNDECLARED_SELECTOR = YES;
				GCC_WARN_UNINITIALIZED_AUTOS = YES_AGGRESSIVE;
				GCC_WARN_UNUSED_FUNCTION = YES;
				GCC_WARN_UNUSED_VARIABLE = YES;
				IPHONEOS_DEPLOYMENT_TARGET = 10.0;
				MTL_ENABLE_DEBUG_INFO = NO;
				SDKROOT = iphoneos;
				TARGETED_DEVICE_FAMILY = "1,2";
				VALIDATE_PRODUCT = YES;
			};
			name = Release;
		};
		3EBC26041F75232500DF83FD /* Debug */ = {
			isa = XCBuildConfiguration;
			baseConfigurationReference = 7541FE250892C74DA17C532D /* Pods-HLCommon.debug.xcconfig */;
			buildSettings = {
				ASSETCATALOG_COMPILER_APPICON_NAME = AppIcon;
				DEVELOPMENT_TEAM = G9P23454RQ;
				GCC_PREFIX_HEADER = "$(SRCROOT)/HLCommon/PrefixHeader.pch";
				INFOPLIST_FILE = HLCommon/Info.plist;
				LD_RUNPATH_SEARCH_PATHS = "$(inherited) @executable_path/Frameworks";
				PRODUCT_BUNDLE_IDENTIFIER = com.haha.HLCommon;
				PRODUCT_NAME = "$(TARGET_NAME)";
			};
			name = Debug;
		};
		3EBC26051F75232500DF83FD /* Release */ = {
			isa = XCBuildConfiguration;
			baseConfigurationReference = 170D4973260EF907CF5C91DD /* Pods-HLCommon.release.xcconfig */;
			buildSettings = {
				ASSETCATALOG_COMPILER_APPICON_NAME = AppIcon;
				DEVELOPMENT_TEAM = G9P23454RQ;
				GCC_PREFIX_HEADER = "$(SRCROOT)/HLCommon/PrefixHeader.pch";
				INFOPLIST_FILE = HLCommon/Info.plist;
				LD_RUNPATH_SEARCH_PATHS = "$(inherited) @executable_path/Frameworks";
				PRODUCT_BUNDLE_IDENTIFIER = com.haha.HLCommon;
				PRODUCT_NAME = "$(TARGET_NAME)";
			};
			name = Release;
		};
/* End XCBuildConfiguration section */

/* Begin XCConfigurationList section */
		3EBC25E71F75232500DF83FD /* Build configuration list for PBXProject "HLCommon" */ = {
			isa = XCConfigurationList;
			buildConfigurations = (
				3EBC26011F75232500DF83FD /* Debug */,
				3EBC26021F75232500DF83FD /* Release */,
			);
			defaultConfigurationIsVisible = 0;
			defaultConfigurationName = Release;
		};
		3EBC26031F75232500DF83FD /* Build configuration list for PBXNativeTarget "HLCommon" */ = {
			isa = XCConfigurationList;
			buildConfigurations = (
				3EBC26041F75232500DF83FD /* Debug */,
				3EBC26051F75232500DF83FD /* Release */,
			);
			defaultConfigurationIsVisible = 0;
			defaultConfigurationName = Release;
		};
/* End XCConfigurationList section */
	};
	rootObject = 3EBC25E41F75232500DF83FD /* Project object */;
}
